
Microsoft Visual Studio Solution File, Format Version 12.00
# Visual Studio 15
Project("{FAE04EC0-301F-11D3-BF4B-00C04F79EFBC}") = "Assembly-CSharp", "Assembly-CSharp.csproj", "{28FA9C42-1FDA-ECDC-903A-1FBB934CBD91}"
EndProject
Project("{FAE04EC0-301F-11D3-BF4B-00C04F79EFBC}") = "Assembly-CSharp-firstpass", "Assembly-CSharp-firstpass.csproj", "{EC239DA9-CD2B-61E3-E539-FC12BBA8F374}"
EndProject
Project("{FAE04EC0-301F-11D3-BF4B-00C04F79EFBC}") = "Assembly-CSharp-Editor", "Assembly-CSharp-Editor.csproj", "{E88EEBAD-A793-1E92-2ABF-B2291F045310}"
EndProject
Global
	GlobalSection(SolutionConfigurationPlatforms) = preSolution
		Debug|Any CPU = Debug|Any CPU
		Release|Any CPU = Release|Any CPU
	EndGlobalSection
	GlobalSection(ProjectConfigurationPlatforms) = postSolution
		{28FA9C42-1FDA-ECDC-903A-1FBB934CBD91}.Debug|Any CPU.ActiveCfg = Debug|Any CPU
		{28FA9C42-1FDA-ECDC-903A-1FBB934CBD91}.Debug|Any CPU.Build.0 = Debug|Any CPU
		{28FA9C42-1FDA-ECDC-903A-1FBB934CBD91}.Release|Any CPU.ActiveCfg = Release|Any CPU
		{28FA9C42-1FDA-ECDC-903A-1FBB934CBD91}.Release|Any CPU.Build.0 = Release|Any CPU
		{EC239DA9-CD2B-61E3-E539-FC12BBA8F374}.Debug|Any CPU.ActiveCfg = Debug|Any CPU
		{EC239DA9-CD2B-61E3-E539-FC12BBA8F374}.Debug|Any CPU.Build.0 = Debug|Any CPU
		{EC239DA9-CD2B-61E3-E539-FC12BBA8F374}.Release|Any CPU.ActiveCfg = Release|Any CPU
		{EC239DA9-CD2B-61E3-E539-FC12BBA8F374}.Release|Any CPU.Build.0 = Release|Any CPU
		{E88EEBAD-A793-1E92-2ABF-B2291F045310}.Debug|Any CPU.ActiveCfg = Debug|Any CPU
		{E88EEBAD-A793-1E92-2ABF-B2291F045310}.Debug|Any CPU.Build.0 = Debug|Any CPU
		{E88EEBAD-A793-1E92-2ABF-B2291F045310}.Release|Any CPU.ActiveCfg = Release|Any CPU
		{E88EEBAD-A793-1E92-2ABF-B2291F045310}.Release|Any CPU.Build.0 = Release|Any CPU
	EndGlobalSection
	GlobalSection(SolutionProperties) = preSolution
		HideSolutionNode = FALSE
	EndGlobalSection
EndGlobal
